
Microsoft Visual Studio Solution File, Format Version 12.00
# Visual Studio 2012
Project("{FAE04EC0-301F-11D3-BF4B-00C04F79EFBC}") = "Banking", "Banking\Banking.csproj", "{B0A379C7-A956-4C61-B1FD-C8B8B70AE47A}"
EndProject
Global
	GlobalSection(SolutionConfigurationPlatforms) = preSolution
		Debug|Any CPU = Debug|Any CPU
		Release|Any CPU = Release|Any CPU
	EndGlobalSection
	GlobalSection(ProjectConfigurationPlatforms) = postSolution
		{B0A379C7-A956-4C61-B1FD-C8B8B70AE47A}.Debug|Any CPU.ActiveCfg = Debug|Any CPU
		{B0A379C7-A956-4C61-B1FD-C8B8B70AE47A}.Debug|Any CPU.Build.0 = Debug|Any CPU
		{B0A379C7-A956-4C61-B1FD-C8B8B70AE47A}.Release|Any CPU.ActiveCfg = Release|Any CPU
		{B0A379C7-A956-4C61-B1FD-C8B8B70AE47A}.Release|Any CPU.Build.0 = Release|Any CPU
	EndGlobalSection
	GlobalSection(SolutionProperties) = preSolution
		HideSolutionNode = FALSE
	EndGlobalSection
EndGlobal
